{
  "version": "4",
  "remote": {
    "https://deno.land/std@0.180.0/async/abortable.ts": "73acfb3ed7261ce0d930dbe89e43db8d34e017b063cf0eaa7d215477bf53442e",
    "https://deno.land/std@0.180.0/async/deadline.ts": "c5facb0b404eede83e38bd2717ea8ab34faa2ffb20ef87fd261fcba32ba307aa",
    "https://deno.land/std@0.180.0/async/debounce.ts": "adab11d04ca38d699444ac8a9d9856b4155e8dda2afd07ce78276c01ea5a4332",
    "https://deno.land/std@0.180.0/async/deferred.ts": "42790112f36a75a57db4a96d33974a936deb7b04d25c6084a9fa8a49f135def8",
    "https://deno.land/std@0.180.0/async/delay.ts": "73aa04cec034c84fc748c7be49bb15cac3dd43a57174bfdb7a4aec22c248f0dd",
    "https://deno.land/std@0.180.0/async/mod.ts": "f04344fa21738e5ad6bea37a6bfffd57c617c2d372bb9f9dcfd118a1b622e576",
    "https://deno.land/std@0.180.0/async/mux_async_iterator.ts": "70c7f2ee4e9466161350473ad61cac0b9f115cff4c552eaa7ef9d50c4cbb4cc9",
    "https://deno.land/std@0.180.0/async/pool.ts": "fd082bd4aaf26445909889435a5c74334c017847842ec035739b4ae637ae8260",
    "https://deno.land/std@0.180.0/async/retry.ts": "5efa3ba450ac0c07a40a82e2df296287b5013755d232049efd7ea2244f15b20f",
    "https://deno.land/std@0.180.0/async/tee.ts": "47e42d35f622650b02234d43803d0383a89eb4387e1b83b5a40106d18ae36757",
    "https://deno.land/std@0.180.0/http/server.ts": "cbb17b594651215ba95c01a395700684e569c165a567e4e04bba327f41197433"
  },
  "workspace": {
    "packageJson": {
      "dependencies": [
        "npm:@crxjs/vite-plugin@^2.0.0-beta.32",
        "npm:@eslint/compat@^1.2.7",
        "npm:@eslint/js@^9.22.0",
        "npm:@iconify-json/carbon@^1.2.8",
        "npm:@iconify-json/lucide@^1.2.29",
        "npm:@iconify-json/mdi@^1.2.3",
        "npm:@iconify-json/ph@^1.2.2",
        "npm:@iconify-json/svg-spinners@^1.2.2",
        "npm:@intlify/unplugin-vue-i18n@^6.0.3",
        "npm:@types/eslint@^9.6.1",
        "npm:@types/lodash-es@^4.17.12",
        "npm:@types/node@^22.13.10",
        "npm:@types/webextension-polyfill@~0.12.3",
        "npm:@vitejs/plugin-vue@^5.2.1",
        "npm:@vue/compiler-sfc@^3.5.13",
        "npm:@vueuse/core@13",
        "npm:chalk@^5.4.1",
        "npm:chrome-types@~0.1.345",
        "npm:commander@^13.1.0",
        "npm:concurrently@^9.1.2",
        "npm:cross-env@^7.0.3",
        "npm:dotenv@^16.4.7",
        "npm:element-plus@^2.9.7",
        "npm:eslint-plugin-vue@10",
        "npm:eslint@^9.22.0",
        "npm:get-installed-browsers@~0.1.7",
        "npm:globals@16",
        "npm:lodash-es@^4.17.21",
        "npm:marked@^15.0.7",
        "npm:notivue@^2.4.5",
        "npm:pinia@^3.0.1",
        "npm:postcss@^8.5.3",
        "npm:prettier@^3.5.3",
        "npm:rollup-plugin-copy@^3.5.0",
        "npm:sass@^1.85.1",
        "npm:terser@^5.39.0",
        "npm:tsx@^4.19.3",
        "npm:typescript-eslint@^8.26.0",
        "npm:typescript@^5.8.2",
        "npm:unplugin-auto-import@^19.1.1",
        "npm:unplugin-element-plus@~0.9.1",
        "npm:unplugin-icons@^22.1.0",
        "npm:unplugin-imagemin@~0.6.7",
        "npm:unplugin-turbo-console@^1.11.3",
        "npm:unplugin-vue-components@^28.4.1",
        "npm:unplugin-vue-router@0.12",
        "npm:vite-plugin-html@^3.2.2",
        "npm:vite-plugin-vue-devtools@^7.7.2",
        "npm:vite-plugin-zip-pack@^1.2.4",
        "npm:vite@^6.3.2",
        "npm:vue-i18n@^11.1.2",
        "npm:vue-router@^4.5.0",
        "npm:vue-tsc@^2.2.8",
        "npm:vue@^3.5.13",
        "npm:vuefire@^3.2.1",
        "npm:web-ext@^8.4.0",
        "npm:webext-bridge@^6.0.1",
        "npm:webextension-polyfill@0.12"
      ]
    }
  }
}
